
Microsoft Visual Studio Solution File, Format Version 12.00
# Visual Studio 15
VisualStudioVersion = 15.0.28307.168
MinimumVisualStudioVersion = 10.0.40219.1
Project("{FAE04EC0-301F-11D3-BF4B-00C04F79EFBC}") = "Steelmen", "Steelmen\Steelmen.csproj", "{5B9CE646-434F-4BA9-8F2D-7E14E0B4E96C}"
EndProject
Project("{FAE04EC0-301F-11D3-BF4B-00C04F79EFBC}") = "SteelmenTests", "SteelmenTests\SteelmenTests.csproj", "{FA031040-392E-486F-B390-5F80C321803B}"
EndProject
Global
	GlobalSection(SolutionConfigurationPlatforms) = preSolution
		Debug|Any CPU = Debug|Any CPU
		Release|Any CPU = Release|Any CPU
	EndGlobalSection
	GlobalSection(ProjectConfigurationPlatforms) = postSolution
		{5B9CE646-434F-4BA9-8F2D-7E14E0B4E96C}.Debug|Any CPU.ActiveCfg = Debug|Any CPU
		{5B9CE646-434F-4BA9-8F2D-7E14E0B4E96C}.Debug|Any CPU.Build.0 = Debug|Any CPU
		{5B9CE646-434F-4BA9-8F2D-7E14E0B4E96C}.Release|Any CPU.ActiveCfg = Release|Any CPU
		{5B9CE646-434F-4BA9-8F2D-7E14E0B4E96C}.Release|Any CPU.Build.0 = Release|Any CPU
		{FA031040-392E-486F-B390-5F80C321803B}.Debug|Any CPU.ActiveCfg = Debug|Any CPU
		{FA031040-392E-486F-B390-5F80C321803B}.Debug|Any CPU.Build.0 = Debug|Any CPU
		{FA031040-392E-486F-B390-5F80C321803B}.Release|Any CPU.ActiveCfg = Release|Any CPU
		{FA031040-392E-486F-B390-5F80C321803B}.Release|Any CPU.Build.0 = Release|Any CPU
	EndGlobalSection
	GlobalSection(SolutionProperties) = preSolution
		HideSolutionNode = FALSE
	EndGlobalSection
	GlobalSection(ExtensibilityGlobals) = postSolution
		SolutionGuid = {11FD0C9C-7811-4685-A2DB-629E2775D0D7}
	EndGlobalSection
EndGlobal
